
Microsoft Visual Studio Solution File, Format Version 12.00
# Visual Studio Version 17
VisualStudioVersion = 17.1.32210.238
MinimumVisualStudioVersion = 10.0.40219.1
Project("{FAE04EC0-301F-11D3-BF4B-00C04F79EFBC}") = "Sente4", "Sente4.csproj", "{7A8CE5CE-5C41-46A3-9C70-83B67FD44E00}"
EndProject
Global
	GlobalSection(SolutionConfigurationPlatforms) = preSolution
		Debug|Any CPU = Debug|Any CPU
		Release|Any CPU = Release|Any CPU
	EndGlobalSection
	GlobalSection(ProjectConfigurationPlatforms) = postSolution
		{7A8CE5CE-5C41-46A3-9C70-83B67FD44E00}.Debug|Any CPU.ActiveCfg = Debug|Any CPU
		{7A8CE5CE-5C41-46A3-9C70-83B67FD44E00}.Debug|Any CPU.Build.0 = Debug|Any CPU
		{7A8CE5CE-5C41-46A3-9C70-83B67FD44E00}.Release|Any CPU.ActiveCfg = Release|Any CPU
		{7A8CE5CE-5C41-46A3-9C70-83B67FD44E00}.Release|Any CPU.Build.0 = Release|Any CPU
	EndGlobalSection
	GlobalSection(SolutionProperties) = preSolution
		HideSolutionNode = FALSE
	EndGlobalSection
	GlobalSection(ExtensibilityGlobals) = postSolution
		SolutionGuid = {5F1EE93E-D267-463B-A1F8-16B282D03240}
	EndGlobalSection
EndGlobal
